PODS:
  - AFNetworking (3.2.1):
    - AFNetworking/NSURLSession (= 3.2.1)
    - AFNetworking/Reachability (= 3.2.1)
    - AFNetworking/Security (= 3.2.1)
    - AFNetworking/Serialization (= 3.2.1)
    - AFNetworking/UIKit (= 3.2.1)
  - AFNetworking/NSURLSession (3.2.1):
    - AFNetworking/Reachability
    - AFNetworking/Security
    - AFNetworking/Serialization
  - AFNetworking/Reachability (3.2.1)
  - AFNetworking/Security (3.2.1)
  - AFNetworking/Serialization (3.2.1)
  - AFNetworking/UIKit (3.2.1):
    - AFNetworking/NSURLSession
  - Masonry (1.1.0)
  - OCToSwiftDemo (0.1.0):
    - OCToSwiftDemo/OC (= 0.1.0)
    - OCToSwiftDemo/Swift (= 0.1.0)
  - OCToSwiftDemo/OC (0.1.0):
    - AFNetworking
    - Masonry
    - SDWebImage
    - YYKit
  - OCToSwiftDemo/Swift (0.1.0):
    - SnapKit
  - SDWebImage (5.0.6):
    - SDWebImage/Core (= 5.0.6)
  - SDWebImage/Core (5.0.6)
  - SnapKit (4.2.0)
  - YYKit (1.0.9):
    - YYKit/no-arc (= 1.0.9)
  - YYKit/no-arc (1.0.9)

DEPENDENCIES:
  - OCToSwiftDemo (from `../`)

SPEC REPOS:
  https://github.com/cocoapods/specs.git:
    - AFNetworking
    - Masonry
    - SDWebImage
    - SnapKit
    - YYKit

EXTERNAL SOURCES:
  OCToSwiftDemo:
    :path: "../"

SPEC CHECKSUMS:
  AFNetworking: b6f891fdfaed196b46c7a83cf209e09697b94057
  Masonry: 678fab65091a9290e40e2832a55e7ab731aad201
  OCToSwiftDemo: 13cbe24c3eb3580e7c2b88c54294fbb454181412
  SDWebImage: 920f1a2ff1ca8296ad34f6e0510a1ef1d70ac965
  SnapKit: fe8a619752f3f27075cc9a90244d75c6c3f27e2a
  YYKit: 7cda43304a8dc3696c449041e2cb3107b4e236e7

PODFILE CHECKSUM: 2836a6037c07c3ce1d0fa5fa0b461a97beefc9c9

COCOAPODS: 1.6.1
